
Microsoft Visual Studio Solution File, Format Version 11.00
# Visual Studio 2010
Project("{FAE04EC0-301F-11D3-BF4B-00C04F79EFBC}") = "BouvetContacts", "BouvetContacts\BouvetContacts.csproj", "{3ECE8BCD-F386-458C-ACD9-0BE658E5827A}"
EndProject
Global
	GlobalSection(SolutionConfigurationPlatforms) = preSolution
		Debug|x86 = Debug|x86
		Release|x86 = Release|x86
	EndGlobalSection
	GlobalSection(ProjectConfigurationPlatforms) = postSolution
		{3ECE8BCD-F386-458C-ACD9-0BE658E5827A}.Debug|x86.ActiveCfg = Debug|x86
		{3ECE8BCD-F386-458C-ACD9-0BE658E5827A}.Debug|x86.Build.0 = Debug|x86
		{3ECE8BCD-F386-458C-ACD9-0BE658E5827A}.Release|x86.ActiveCfg = Release|x86
		{3ECE8BCD-F386-458C-ACD9-0BE658E5827A}.Release|x86.Build.0 = Release|x86
	EndGlobalSection
	GlobalSection(SolutionProperties) = preSolution
		HideSolutionNode = FALSE
	EndGlobalSection
EndGlobal
